
Microsoft Visual Studio Solution File, Format Version 12.00
# Visual Studio 15
VisualStudioVersion = 15.0.27703.2026
MinimumVisualStudioVersion = 10.0.40219.1
Project("{FAE04EC0-301F-11D3-BF4B-00C04F79EFBC}") = "DeserializeXmlApp", "DeserializeXmlApp\DeserializeXmlApp.csproj", "{C5B676FE-54AF-4316-9D6B-CE03C4DCBC47}"
EndProject
Global
	GlobalSection(SolutionConfigurationPlatforms) = preSolution
		Debug|Any CPU = Debug|Any CPU
		Release|Any CPU = Release|Any CPU
	EndGlobalSection
	GlobalSection(ProjectConfigurationPlatforms) = postSolution
		{C5B676FE-54AF-4316-9D6B-CE03C4DCBC47}.Debug|Any CPU.ActiveCfg = Debug|Any CPU
		{C5B676FE-54AF-4316-9D6B-CE03C4DCBC47}.Debug|Any CPU.Build.0 = Debug|Any CPU
		{C5B676FE-54AF-4316-9D6B-CE03C4DCBC47}.Release|Any CPU.ActiveCfg = Release|Any CPU
		{C5B676FE-54AF-4316-9D6B-CE03C4DCBC47}.Release|Any CPU.Build.0 = Release|Any CPU
	EndGlobalSection
	GlobalSection(SolutionProperties) = preSolution
		HideSolutionNode = FALSE
	EndGlobalSection
	GlobalSection(ExtensibilityGlobals) = postSolution
		SolutionGuid = {2E9A68C4-14A4-44A9-B743-BD087A8E48D5}
	EndGlobalSection
EndGlobal
